{
  "requires": true,
  "lockfileVersion": 1,
  "dependencies": {
    "fork-awesome": {
      "version": "1.1.7",
      "resolved": "https://registry.npmjs.org/fork-awesome/-/fork-awesome-1.1.7.tgz",
      "integrity": "sha512-IHI7XCSXrKfUIWslse8c/PaaVDT1oBaYge+ju40ihL2ooiQeBpTr4wvIXhgTd2NuhntlvX+M5jYHAPTzNlmv0g=="
    },
    "instant.page": {
      "version": "5.1.0",
      "resolved": "https://registry.npmjs.org/instant.page/-/instant.page-5.1.0.tgz",
      "integrity": "sha512-7tz0vkrbj6rN08+C56UDTs1Z71ATPNjMv2eCFaYnIIn3jlkEF6HZCaUtsigjaN2hVaYiuu06vu1usDMnu+OEFg=="
    }
  }
}
