{
  "requires": true,
  "lockfileVersion": 1,
  "dependencies": {
    "fork-awesome": {
      "version": "1.1.7",
      "resolved": "https://registry.npmjs.org/fork-awesome/-/fork-awesome-1.1.7.tgz",
      "integrity": "sha512-IHI7XCSXrKfUIWslse8c/PaaVDT1oBaYge+ju40ihL2ooiQeBpTr4wvIXhgTd2NuhntlvX+M5jYHAPTzNlmv0g=="
    },
    "instant.page": {
      "version": "5.0.1",
      "resolved": "https://registry.npmjs.org/instant.page/-/instant.page-5.0.1.tgz",
      "integrity": "sha512-nLcalIz9rplo5L4ISyLh4U5NbtfP50596DolHqOK5wMR14YIhTtuYrzxSV5D45mOPqMdQb2TbAGHc6fzMuUM3Q=="
    }
  }
}
